
Microsoft Visual Studio Solution File, Format Version 12.00
# Visual Studio Version 16
VisualStudioVersion = 16.0.29215.179
MinimumVisualStudioVersion = 10.0.40219.1
Project("{888888A0-9F3D-457C-B088-3A5042F75D52}") = "SML", "SML.pyproj", "{3FD83A89-041B-4E20-AD85-9CC3DD93701D}"
EndProject
Global
	GlobalSection(SolutionConfigurationPlatforms) = preSolution
		Debug|Any CPU = Debug|Any CPU
		Release|Any CPU = Release|Any CPU
	EndGlobalSection
	GlobalSection(ProjectConfigurationPlatforms) = postSolution
		{3FD83A89-041B-4E20-AD85-9CC3DD93701D}.Debug|Any CPU.ActiveCfg = Debug|Any CPU
		{3FD83A89-041B-4E20-AD85-9CC3DD93701D}.Release|Any CPU.ActiveCfg = Release|Any CPU
	EndGlobalSection
	GlobalSection(SolutionProperties) = preSolution
		HideSolutionNode = FALSE
	EndGlobalSection
	GlobalSection(ExtensibilityGlobals) = postSolution
		SolutionGuid = {2D871DCB-9333-4EB6-BE98-20EEC4F00C7C}
	EndGlobalSection
EndGlobal
